
Microsoft Visual Studio Solution File, Format Version 12.00
# Visual Studio Express 2013 for Windows
VisualStudioVersion = 12.0.21005.1
MinimumVisualStudioVersion = 10.0.40219.1
Project("{8BC9CEB8-8B4A-11D0-8D11-00A0C91BC942}") = "CaptureBasic", "CaptureBasic.vcxproj", "{A5470F89-8887-4507-AAEB-9026F9D00094}"
EndProject
Project("{8BC9CEB8-8B4A-11D0-8D11-00A0C91BC942}") = "cinder", "..\..\..\vc2013_winrt\cinder.vcxproj", "{7419A85E-0924-4AFE-B5DB-4F85D05FE1AB}"
EndProject
Project("{8BC9CEB8-8B4A-11D0-8D11-00A0C91BC942}") = "CustomMediaSink", "..\..\..\src\cinder\winrt\CustomMediaSink\CustomMediaSink.vcxproj", "{1F89AFF7-8F20-4101-A9C7-120DE9959322}"
EndProject
Project("{8BC9CEB8-8B4A-11D0-8D11-00A0C91BC942}") = "CaptureMediaSink", "..\..\..\src\cinder\winrt\CaptureMediaSink\CaptureMediaSink.vcxproj", "{20C664F2-23B1-43F0-AC8B-CD2EF2A8A36D}"
EndProject
Global
	GlobalSection(SolutionConfigurationPlatforms) = preSolution
		Debug|ARM = Debug|ARM
		Debug|Win32 = Debug|Win32
		Debug|x64 = Debug|x64
		Release|ARM = Release|ARM
		Release|Win32 = Release|Win32
		Release|x64 = Release|x64
	EndGlobalSection
	GlobalSection(ProjectConfigurationPlatforms) = postSolution
		{A5470F89-8887-4507-AAEB-9026F9D00094}.Debug|ARM.ActiveCfg = Debug|ARM
		{A5470F89-8887-4507-AAEB-9026F9D00094}.Debug|ARM.Build.0 = Debug|ARM
		{A5470F89-8887-4507-AAEB-9026F9D00094}.Debug|ARM.Deploy.0 = Debug|ARM
		{A5470F89-8887-4507-AAEB-9026F9D00094}.Debug|Win32.ActiveCfg = Debug|Win32
		{A5470F89-8887-4507-AAEB-9026F9D00094}.Debug|Win32.Build.0 = Debug|Win32
		{A5470F89-8887-4507-AAEB-9026F9D00094}.Debug|Win32.Deploy.0 = Debug|Win32
		{A5470F89-8887-4507-AAEB-9026F9D00094}.Debug|x64.ActiveCfg = Debug|x64
		{A5470F89-8887-4507-AAEB-9026F9D00094}.Debug|x64.Build.0 = Debug|x64
		{A5470F89-8887-4507-AAEB-9026F9D00094}.Debug|x64.Deploy.0 = Debug|x64
		{A5470F89-8887-4507-AAEB-9026F9D00094}.Release|ARM.ActiveCfg = Release|ARM
		{A5470F89-8887-4507-AAEB-9026F9D00094}.Release|ARM.Build.0 = Release|ARM
		{A5470F89-8887-4507-AAEB-9026F9D00094}.Release|ARM.Deploy.0 = Release|ARM
		{A5470F89-8887-4507-AAEB-9026F9D00094}.Release|Win32.ActiveCfg = Release|Win32
		{A5470F89-8887-4507-AAEB-9026F9D00094}.Release|Win32.Build.0 = Release|Win32
		{A5470F89-8887-4507-AAEB-9026F9D00094}.Release|Win32.Deploy.0 = Release|Win32
		{A5470F89-8887-4507-AAEB-9026F9D00094}.Release|x64.ActiveCfg = Release|x64
		{A5470F89-8887-4507-AAEB-9026F9D00094}.Release|x64.Build.0 = Release|x64
		{A5470F89-8887-4507-AAEB-9026F9D00094}.Release|x64.Deploy.0 = Release|x64
		{7419A85E-0924-4AFE-B5DB-4F85D05FE1AB}.Debug|ARM.ActiveCfg = Debug|ARM
		{7419A85E-0924-4AFE-B5DB-4F85D05FE1AB}.Debug|ARM.Build.0 = Debug|ARM
		{7419A85E-0924-4AFE-B5DB-4F85D05FE1AB}.Debug|Win32.ActiveCfg = Debug|Win32
		{7419A85E-0924-4AFE-B5DB-4F85D05FE1AB}.Debug|Win32.Build.0 = Debug|Win32
		{7419A85E-0924-4AFE-B5DB-4F85D05FE1AB}.Debug|x64.ActiveCfg = Debug|x64
		{7419A85E-0924-4AFE-B5DB-4F85D05FE1AB}.Debug|x64.Build.0 = Debug|x64
		{7419A85E-0924-4AFE-B5DB-4F85D05FE1AB}.Release|ARM.ActiveCfg = Release|ARM
		{7419A85E-0924-4AFE-B5DB-4F85D05FE1AB}.Release|ARM.Build.0 = Release|ARM
		{7419A85E-0924-4AFE-B5DB-4F85D05FE1AB}.Release|Win32.ActiveCfg = Release|Win32
		{7419A85E-0924-4AFE-B5DB-4F85D05FE1AB}.Release|Win32.Build.0 = Release|Win32
		{7419A85E-0924-4AFE-B5DB-4F85D05FE1AB}.Release|x64.ActiveCfg = Release|x64
		{7419A85E-0924-4AFE-B5DB-4F85D05FE1AB}.Release|x64.Build.0 = Release|x64
		{1F89AFF7-8F20-4101-A9C7-120DE9959322}.Debug|ARM.ActiveCfg = Debug|ARM
		{1F89AFF7-8F20-4101-A9C7-120DE9959322}.Debug|ARM.Build.0 = Debug|ARM
		{1F89AFF7-8F20-4101-A9C7-120DE9959322}.Debug|Win32.ActiveCfg = Debug|Win32
		{1F89AFF7-8F20-4101-A9C7-120DE9959322}.Debug|x64.ActiveCfg = Debug|x64
		{1F89AFF7-8F20-4101-A9C7-120DE9959322}.Debug|x64.Build.0 = Debug|x64
		{1F89AFF7-8F20-4101-A9C7-120DE9959322}.Release|ARM.ActiveCfg = Release|ARM
		{1F89AFF7-8F20-4101-A9C7-120DE9959322}.Release|ARM.Build.0 = Release|ARM
		{1F89AFF7-8F20-4101-A9C7-120DE9959322}.Release|Win32.ActiveCfg = Release|Win32
		{1F89AFF7-8F20-4101-A9C7-120DE9959322}.Release|Win32.Build.0 = Release|Win32
		{1F89AFF7-8F20-4101-A9C7-120DE9959322}.Release|x64.ActiveCfg = Release|x64
		{1F89AFF7-8F20-4101-A9C7-120DE9959322}.Release|x64.Build.0 = Release|x64
		{20C664F2-23B1-43F0-AC8B-CD2EF2A8A36D}.Debug|ARM.ActiveCfg = Debug|ARM
		{20C664F2-23B1-43F0-AC8B-CD2EF2A8A36D}.Debug|ARM.Build.0 = Debug|ARM
		{20C664F2-23B1-43F0-AC8B-CD2EF2A8A36D}.Debug|Win32.ActiveCfg = Debug|Win32
		{20C664F2-23B1-43F0-AC8B-CD2EF2A8A36D}.Debug|Win32.Build.0 = Debug|Win32
		{20C664F2-23B1-43F0-AC8B-CD2EF2A8A36D}.Debug|x64.ActiveCfg = Debug|x64
		{20C664F2-23B1-43F0-AC8B-CD2EF2A8A36D}.Debug|x64.Build.0 = Debug|x64
		{20C664F2-23B1-43F0-AC8B-CD2EF2A8A36D}.Release|ARM.ActiveCfg = Release|ARM
		{20C664F2-23B1-43F0-AC8B-CD2EF2A8A36D}.Release|ARM.Build.0 = Release|ARM
		{20C664F2-23B1-43F0-AC8B-CD2EF2A8A36D}.Release|Win32.ActiveCfg = Release|Win32
		{20C664F2-23B1-43F0-AC8B-CD2EF2A8A36D}.Release|Win32.Build.0 = Release|Win32
		{20C664F2-23B1-43F0-AC8B-CD2EF2A8A36D}.Release|x64.ActiveCfg = Release|x64
		{20C664F2-23B1-43F0-AC8B-CD2EF2A8A36D}.Release|x64.Build.0 = Release|x64
	EndGlobalSection
	GlobalSection(SolutionProperties) = preSolution
		HideSolutionNode = FALSE
	EndGlobalSection
EndGlobal
