<?xml version="1.0" encoding="utf-8"?>
<Project ToolsVersion="4.0" xmlns="http://schemas.microsoft.com/developer/msbuild/2003">
  <ItemGroup>
    <Filter Include="Resources">
      <UniqueIdentifier>C61B2BA1-C80C-4FC4-9F04-8C7E70E02A12</UniqueIdentifier>
      <Extensions>rc;ico;cur;bmp;dlg;rc2;rct;bin;rgs;gif;jpg;jpeg;jpe;resx;tiff;tif;png;wav;mfcribbon-ms</Extensions>
    </Filter>
    <Filter Include="Common">
      <UniqueIdentifier>{c7792f86-a985-49d7-84d7-7d4e30955301}</UniqueIdentifier>
    </Filter>
  </ItemGroup>
  <ItemGroup>
    <ClCompile Include="dllmain.cpp" />
    <ClCompile Include="Capture.cpp" />
  </ItemGroup>
  <ItemGroup>
    <ClInclude Include="Common\AsyncCB.h">
      <Filter>Common</Filter>
    </ClInclude>
    <ClInclude Include="Common\BufferLock.h">
      <Filter>Common</Filter>
    </ClInclude>
    <ClInclude Include="Common\CritSec.h">
      <Filter>Common</Filter>
    </ClInclude>
    <ClInclude Include="Common\LinkList.h">
      <Filter>Common</Filter>
    </ClInclude>
    <ClInclude Include="Common\OpQueue.h">
      <Filter>Common</Filter>
    </ClInclude>
    <ClInclude Include="Capture.h" />
  </ItemGroup>
  <ItemGroup>
    <Midl Include="CaptureTransform.idl" />
  </ItemGroup>
  <ItemGroup>
    <None Include="Capture.def" />
  </ItemGroup>
</Project>